
Microsoft Visual Studio Solution File, Format Version 12.00
# Visual Studio Version 16
VisualStudioVersion = 16.0.32413.511
MinimumVisualStudioVersion = 10.0.40219.1
Project("{FAE04EC0-301F-11D3-BF4B-00C04F79EFBC}") = "MedicalSolution", "MedicalSolution.csproj", "{0DC51DBD-2BF5-422C-A037-2CD9BF3C387E}"
EndProject
Global
	GlobalSection(SolutionConfigurationPlatforms) = preSolution
		Debug|Any CPU = Debug|Any CPU
		Release|Any CPU = Release|Any CPU
	EndGlobalSection
	GlobalSection(ProjectConfigurationPlatforms) = postSolution
		{0DC51DBD-2BF5-422C-A037-2CD9BF3C387E}.Debug|Any CPU.ActiveCfg = Debug|Any CPU
		{0DC51DBD-2BF5-422C-A037-2CD9BF3C387E}.Debug|Any CPU.Build.0 = Debug|Any CPU
		{0DC51DBD-2BF5-422C-A037-2CD9BF3C387E}.Release|Any CPU.ActiveCfg = Release|Any CPU
		{0DC51DBD-2BF5-422C-A037-2CD9BF3C387E}.Release|Any CPU.Build.0 = Release|Any CPU
	EndGlobalSection
	GlobalSection(SolutionProperties) = preSolution
		HideSolutionNode = FALSE
	EndGlobalSection
	GlobalSection(ExtensibilityGlobals) = postSolution
		SolutionGuid = {2708F0AA-8026-47FC-B3EA-CF6B3E1E5B91}
	EndGlobalSection
EndGlobal
